
Microsoft Visual Studio Solution File, Format Version 12.00
# Visual Studio Version 17
VisualStudioVersion = 17.1.32328.378
MinimumVisualStudioVersion = 10.0.40219.1
Project("{FAE04EC0-301F-11D3-BF4B-00C04F79EFBC}") = "AdventOfCode2022", "AdventOfCode2022\AdventOfCode2022.csproj", "{44B42026-8BF1-489A-8980-1CE762C67713}"
EndProject
Global
	GlobalSection(SolutionConfigurationPlatforms) = preSolution
		Debug|Any CPU = Debug|Any CPU
		Release|Any CPU = Release|Any CPU
	EndGlobalSection
	GlobalSection(ProjectConfigurationPlatforms) = postSolution
		{44B42026-8BF1-489A-8980-1CE762C67713}.Debug|Any CPU.ActiveCfg = Debug|Any CPU
		{44B42026-8BF1-489A-8980-1CE762C67713}.Debug|Any CPU.Build.0 = Debug|Any CPU
		{44B42026-8BF1-489A-8980-1CE762C67713}.Release|Any CPU.ActiveCfg = Release|Any CPU
		{44B42026-8BF1-489A-8980-1CE762C67713}.Release|Any CPU.Build.0 = Release|Any CPU
	EndGlobalSection
	GlobalSection(SolutionProperties) = preSolution
		HideSolutionNode = FALSE
	EndGlobalSection
	GlobalSection(ExtensibilityGlobals) = postSolution
		SolutionGuid = {879A3328-0CF1-4675-8F54-B15F2BB9177D}
	EndGlobalSection
EndGlobal
